<?xml version="1.0" encoding="utf-8"?>
<Project ToolsVersion="4.0" xmlns="http://schemas.microsoft.com/developer/msbuild/2003">
  <ItemGroup>
    <ClInclude Include="GraphicsLibrary.h" />
    <ClInclude Include="Line.h" />
    <ClInclude Include="Point.h" />
    <ClInclude Include="Bitmap.h" />
    <ClInclude Include="Factory.h" />
    <ClInclude Include="BitmapImplementor.h" />
    <ClInclude Include="LineImplementor.h" />
    <ClInclude Include="PointImplementor.h" />
  </ItemGroup>
  <ItemGroup>
    <ClCompile Include="Line.cpp" />
    <ClCompile Include="Point.cpp" />
    <ClCompile Include="Bitmap.cpp" />
    <ClCompile Include="Factory.cpp" />
    <ClCompile Include="BitmapImplementor.cpp" />
    <ClCompile Include="LineImplementor.cpp" />
    <ClCompile Include="PointImplementor.cpp" />
  </ItemGroup>
</Project>