
Microsoft Visual Studio Solution File, Format Version 12.00
# Visual Studio 14
VisualStudioVersion = 14.0.25420.1
MinimumVisualStudioVersion = 10.0.40219.1
Project("{2150E333-8FDC-42A3-9474-1A3956D46DE8}") = "Solution Items", "Solution Items", "{34BABBDE-9CB6-4FEF-B9C2-9C87531EF36F}"
	ProjectSection(SolutionItems) = preProject
		.gitignore = .gitignore
		README.md = README.md
	EndProjectSection
EndProject
Project("{8BC9CEB8-8B4A-11D0-8D11-00A0C91BC942}") = "Pong", "Pong\Pong.vcxproj", "{8638A168-8A7D-4B30-92C1-55C19F72758A}"
	ProjectSection(ProjectDependencies) = postProject
		{7DC7F118-6366-45C6-B7C8-1FC1ECC79EC5} = {7DC7F118-6366-45C6-B7C8-1FC1ECC79EC5}
		{2BD2ACB6-0049-4532-B8DE-FD9877E9D6A9} = {2BD2ACB6-0049-4532-B8DE-FD9877E9D6A9}
	EndProjectSection
EndProject
Project("{8BC9CEB8-8B4A-11D0-8D11-00A0C91BC942}") = "Physics2D", "Physics2D\Physics2D.vcxproj", "{7DC7F118-6366-45C6-B7C8-1FC1ECC79EC5}"
EndProject
Project("{8BC9CEB8-8B4A-11D0-8D11-00A0C91BC942}") = "Graphics2D", "Graphics2D\Graphics2D.vcxproj", "{2BD2ACB6-0049-4532-B8DE-FD9877E9D6A9}"
EndProject
Project("{8BC9CEB8-8B4A-11D0-8D11-00A0C91BC942}") = "Graphics2DTests", "Graphics2DTests\Graphics2DTests.vcxproj", "{E18C0FDB-2410-4871-AA5B-14881494A73C}"
	ProjectSection(ProjectDependencies) = postProject
		{2BD2ACB6-0049-4532-B8DE-FD9877E9D6A9} = {2BD2ACB6-0049-4532-B8DE-FD9877E9D6A9}
	EndProjectSection
EndProject
Project("{8BC9CEB8-8B4A-11D0-8D11-00A0C91BC942}") = "Physics2DTests", "Physics2DTests\Physics2DTests.vcxproj", "{0A2C7C9A-4FDD-42AA-B763-9C6AF87DBC1B}"
	ProjectSection(ProjectDependencies) = postProject
		{7DC7F118-6366-45C6-B7C8-1FC1ECC79EC5} = {7DC7F118-6366-45C6-B7C8-1FC1ECC79EC5}
	EndProjectSection
EndProject
Global
	GlobalSection(SolutionConfigurationPlatforms) = preSolution
		Debug|x64 = Debug|x64
		Debug|x86 = Debug|x86
		Release|x64 = Release|x64
		Release|x86 = Release|x86
	EndGlobalSection
	GlobalSection(ProjectConfigurationPlatforms) = postSolution
		{8638A168-8A7D-4B30-92C1-55C19F72758A}.Debug|x64.ActiveCfg = Debug|x64
		{8638A168-8A7D-4B30-92C1-55C19F72758A}.Debug|x64.Build.0 = Debug|x64
		{8638A168-8A7D-4B30-92C1-55C19F72758A}.Debug|x86.ActiveCfg = Debug|Win32
		{8638A168-8A7D-4B30-92C1-55C19F72758A}.Debug|x86.Build.0 = Debug|Win32
		{8638A168-8A7D-4B30-92C1-55C19F72758A}.Release|x64.ActiveCfg = Release|x64
		{8638A168-8A7D-4B30-92C1-55C19F72758A}.Release|x64.Build.0 = Release|x64
		{8638A168-8A7D-4B30-92C1-55C19F72758A}.Release|x86.ActiveCfg = Release|Win32
		{8638A168-8A7D-4B30-92C1-55C19F72758A}.Release|x86.Build.0 = Release|Win32
		{7DC7F118-6366-45C6-B7C8-1FC1ECC79EC5}.Debug|x64.ActiveCfg = Debug|x64
		{7DC7F118-6366-45C6-B7C8-1FC1ECC79EC5}.Debug|x64.Build.0 = Debug|x64
		{7DC7F118-6366-45C6-B7C8-1FC1ECC79EC5}.Debug|x86.ActiveCfg = Debug|Win32
		{7DC7F118-6366-45C6-B7C8-1FC1ECC79EC5}.Debug|x86.Build.0 = Debug|Win32
		{7DC7F118-6366-45C6-B7C8-1FC1ECC79EC5}.Release|x64.ActiveCfg = Release|x64
		{7DC7F118-6366-45C6-B7C8-1FC1ECC79EC5}.Release|x64.Build.0 = Release|x64
		{7DC7F118-6366-45C6-B7C8-1FC1ECC79EC5}.Release|x86.ActiveCfg = Release|Win32
		{7DC7F118-6366-45C6-B7C8-1FC1ECC79EC5}.Release|x86.Build.0 = Release|Win32
		{2BD2ACB6-0049-4532-B8DE-FD9877E9D6A9}.Debug|x64.ActiveCfg = Debug|x64
		{2BD2ACB6-0049-4532-B8DE-FD9877E9D6A9}.Debug|x64.Build.0 = Debug|x64
		{2BD2ACB6-0049-4532-B8DE-FD9877E9D6A9}.Debug|x86.ActiveCfg = Debug|Win32
		{2BD2ACB6-0049-4532-B8DE-FD9877E9D6A9}.Debug|x86.Build.0 = Debug|Win32
		{2BD2ACB6-0049-4532-B8DE-FD9877E9D6A9}.Release|x64.ActiveCfg = Release|x64
		{2BD2ACB6-0049-4532-B8DE-FD9877E9D6A9}.Release|x64.Build.0 = Release|x64
		{2BD2ACB6-0049-4532-B8DE-FD9877E9D6A9}.Release|x86.ActiveCfg = Release|Win32
		{2BD2ACB6-0049-4532-B8DE-FD9877E9D6A9}.Release|x86.Build.0 = Release|Win32
		{E18C0FDB-2410-4871-AA5B-14881494A73C}.Debug|x64.ActiveCfg = Debug|x64
		{E18C0FDB-2410-4871-AA5B-14881494A73C}.Debug|x86.ActiveCfg = Debug|Win32
		{E18C0FDB-2410-4871-AA5B-14881494A73C}.Debug|x86.Build.0 = Debug|Win32
		{E18C0FDB-2410-4871-AA5B-14881494A73C}.Release|x64.ActiveCfg = Release|x64
		{E18C0FDB-2410-4871-AA5B-14881494A73C}.Release|x86.ActiveCfg = Release|Win32
		{E18C0FDB-2410-4871-AA5B-14881494A73C}.Release|x86.Build.0 = Release|Win32
		{0A2C7C9A-4FDD-42AA-B763-9C6AF87DBC1B}.Debug|x64.ActiveCfg = Debug|x64
		{0A2C7C9A-4FDD-42AA-B763-9C6AF87DBC1B}.Debug|x86.ActiveCfg = Debug|Win32
		{0A2C7C9A-4FDD-42AA-B763-9C6AF87DBC1B}.Debug|x86.Build.0 = Debug|Win32
		{0A2C7C9A-4FDD-42AA-B763-9C6AF87DBC1B}.Release|x64.ActiveCfg = Release|x64
		{0A2C7C9A-4FDD-42AA-B763-9C6AF87DBC1B}.Release|x86.ActiveCfg = Release|Win32
		{0A2C7C9A-4FDD-42AA-B763-9C6AF87DBC1B}.Release|x86.Build.0 = Release|Win32
	EndGlobalSection
	GlobalSection(SolutionProperties) = preSolution
		HideSolutionNode = FALSE
	EndGlobalSection
EndGlobal
